{
  "nodes": {
    "aasg-nixexprs": {
      "inputs": {
        "flake-utils": "flake-utils",
        "nixpkgs": "nixpkgs"
      },
      "locked": {
        "lastModified": 1616815241,
        "narHash": "sha256-eNgt56NSSSoCYmiw3Edc0ckJuMi+o74LQDy7EvnHOyE=",
        "ref": "master",
        "rev": "13602af11fd6bd1993a14568515b281b0edb0463",
        "revCount": 131,
        "type": "git",
        "url": "https://git.sr.ht/~aasg/nixexprs"
      },
      "original": {
        "type": "git",
        "url": "https://git.sr.ht/~aasg/nixexprs"
      }
    },
    "flake-utils": {
      "locked": {
        "lastModified": 1614513358,
        "narHash": "sha256-LakhOx3S1dRjnh0b5Dg3mbZyH0ToC9I8Y2wKSkBaTzU=",
        "owner": "numtide",
        "repo": "flake-utils",
        "rev": "5466c5bbece17adaab2d82fae80b46e807611bf3",
        "type": "github"
      },
      "original": {
        "owner": "numtide",
        "repo": "flake-utils",
        "type": "github"
      }
    },
    "flake-utils_2": {
      "locked": {
        "lastModified": 1618217525,
        "narHash": "sha256-WGrhVczjXTiswQaoxQ+0PTfbLNeOQM6M36zvLn78AYg=",
        "owner": "numtide",
        "repo": "flake-utils",
        "rev": "c6169a2772643c4a93a0b5ac1c61e296cba68544",
        "type": "github"
      },
      "original": {
        "owner": "numtide",
        "repo": "flake-utils",
        "type": "github"
      }
    },
    "nixpkgs": {
      "locked": {
        "lastModified": 1616670887,
        "narHash": "sha256-wn+l9qJfR5sj5Gq4DheJHAcBDfOs9K2p9seW2f35xzs=",
        "owner": "NixOS",
        "repo": "nixpkgs",
        "rev": "c0e881852006b132236cbf0301bd1939bb50867e",
        "type": "github"
      },
      "original": {
        "owner": "NixOS",
        "ref": "nixpkgs-unstable",
        "repo": "nixpkgs",
        "type": "github"
      }
    },
    "nixpkgs_2": {
      "locked": {
        "lastModified": 1618260938,
        "narHash": "sha256-sRIKbJKplnAY9uN4QGGVtq4dasRKzmZhjleCUtPvTa8=",
        "owner": "NixOS",
        "repo": "nixpkgs",
        "rev": "e8893cc489de8ffbe8125fb0d37f05e8023a2d99",
        "type": "github"
      },
      "original": {
        "owner": "NixOS",
        "ref": "nixpkgs-unstable",
        "repo": "nixpkgs",
        "type": "github"
      }
    },
    "root": {
      "inputs": {
        "aasg-nixexprs": "aasg-nixexprs",
        "flake-utils": "flake-utils_2",
        "nixpkgs": "nixpkgs_2"
      }
    }
  },
  "root": "root",
  "version": 7
}
